
Microsoft Visual Studio Solution File, Format Version 12.00
# Visual Studio Version 17
VisualStudioVersion = 17.4.33213.308
MinimumVisualStudioVersion = 10.0.40219.1
Project("{9A19103F-16F7-4668-BE54-9A1E7A4F7556}") = "Week4", "Week4\Week4.csproj", "{EFE9C89B-8949-4B8E-8329-88886A59C77D}"
EndProject
Project("{FAE04EC0-301F-11D3-BF4B-00C04F79EFBC}") = "ForLoopSum", "ForLoopSum\ForLoopSum.csproj", "{C7ADE9F8-05F8-4B3A-ABF2-EA4088C74661}"
EndProject
Project("{FAE04EC0-301F-11D3-BF4B-00C04F79EFBC}") = "RandomNumber", "RandomNumber\RandomNumber.csproj", "{14DDAC58-FE52-4BB1-BA71-8453B286E6CE}"
EndProject
Project("{FAE04EC0-301F-11D3-BF4B-00C04F79EFBC}") = "WhileLoops", "WhileLoops\WhileLoops.csproj", "{5AF28690-308D-4E59-AE0B-E356144C4885}"
EndProject
Global
	GlobalSection(SolutionConfigurationPlatforms) = preSolution
		Debug|Any CPU = Debug|Any CPU
		Release|Any CPU = Release|Any CPU
	EndGlobalSection
	GlobalSection(ProjectConfigurationPlatforms) = postSolution
		{EFE9C89B-8949-4B8E-8329-88886A59C77D}.Debug|Any CPU.ActiveCfg = Debug|Any CPU
		{EFE9C89B-8949-4B8E-8329-88886A59C77D}.Debug|Any CPU.Build.0 = Debug|Any CPU
		{EFE9C89B-8949-4B8E-8329-88886A59C77D}.Release|Any CPU.ActiveCfg = Release|Any CPU
		{EFE9C89B-8949-4B8E-8329-88886A59C77D}.Release|Any CPU.Build.0 = Release|Any CPU
		{C7ADE9F8-05F8-4B3A-ABF2-EA4088C74661}.Debug|Any CPU.ActiveCfg = Debug|Any CPU
		{C7ADE9F8-05F8-4B3A-ABF2-EA4088C74661}.Debug|Any CPU.Build.0 = Debug|Any CPU
		{C7ADE9F8-05F8-4B3A-ABF2-EA4088C74661}.Release|Any CPU.ActiveCfg = Release|Any CPU
		{C7ADE9F8-05F8-4B3A-ABF2-EA4088C74661}.Release|Any CPU.Build.0 = Release|Any CPU
		{14DDAC58-FE52-4BB1-BA71-8453B286E6CE}.Debug|Any CPU.ActiveCfg = Debug|Any CPU
		{14DDAC58-FE52-4BB1-BA71-8453B286E6CE}.Debug|Any CPU.Build.0 = Debug|Any CPU
		{14DDAC58-FE52-4BB1-BA71-8453B286E6CE}.Release|Any CPU.ActiveCfg = Release|Any CPU
		{14DDAC58-FE52-4BB1-BA71-8453B286E6CE}.Release|Any CPU.Build.0 = Release|Any CPU
		{5AF28690-308D-4E59-AE0B-E356144C4885}.Debug|Any CPU.ActiveCfg = Debug|Any CPU
		{5AF28690-308D-4E59-AE0B-E356144C4885}.Debug|Any CPU.Build.0 = Debug|Any CPU
		{5AF28690-308D-4E59-AE0B-E356144C4885}.Release|Any CPU.ActiveCfg = Release|Any CPU
		{5AF28690-308D-4E59-AE0B-E356144C4885}.Release|Any CPU.Build.0 = Release|Any CPU
	EndGlobalSection
	GlobalSection(SolutionProperties) = preSolution
		HideSolutionNode = FALSE
	EndGlobalSection
	GlobalSection(ExtensibilityGlobals) = postSolution
		SolutionGuid = {837879C5-C32E-42B0-A309-3A31CDB43015}
	EndGlobalSection
EndGlobal
